<?xml version="1.0" encoding="utf-8"?>
<Project ToolsVersion="4.0" xmlns="http://schemas.microsoft.com/developer/msbuild/2003">
  <ItemGroup>
    <Filter Include="Source Files">
      <UniqueIdentifier>{bebfc9bb-490e-4214-beaa-464ecf6652a3}</UniqueIdentifier>
    </Filter>
  </ItemGroup>
  <ItemGroup>
    <None Include="README.md" />
  </ItemGroup>
  <ItemGroup>
    <Text Include="LICENSE" />
  </ItemGroup>
  <ItemGroup>
    <ClCompile Include="cliphcat.cpp">
      <Filter>Source Files</Filter>
    </ClCompile>
    <ClCompile Include="WinRtLoader.cpp">
      <Filter>Source Files</Filter>
    </ClCompile>
  </ItemGroup>
</Project>